
Microsoft Visual Studio Solution File, Format Version 12.00
# Visual Studio Version 17
VisualStudioVersion = 17.0.31903.59
MinimumVisualStudioVersion = 10.0.40219.1
Project("{FAE04EC0-301F-11D3-BF4B-00C04F79EFBC}") = "API", "API\API.csproj", "{DCC18E7A-5A8C-4EBF-9907-14FAD2649C8C}"
EndProject
Project("{FAE04EC0-301F-11D3-BF4B-00C04F79EFBC}") = "Application", "Application\Application.csproj", "{5926A1FE-3A82-4E60-A040-54F66BA0C2A5}"
EndProject
Project("{FAE04EC0-301F-11D3-BF4B-00C04F79EFBC}") = "Domain", "Domain\Domain.csproj", "{71CF7C44-15CE-468B-8654-F20844799E5D}"
EndProject
Project("{FAE04EC0-301F-11D3-BF4B-00C04F79EFBC}") = "Persistence", "Persistence\Persistence.csproj", "{0E186F7C-D5CB-4A1E-BC6E-B5E22968F87A}"
EndProject
Global
	GlobalSection(SolutionConfigurationPlatforms) = preSolution
		Debug|Any CPU = Debug|Any CPU
		Release|Any CPU = Release|Any CPU
	EndGlobalSection
	GlobalSection(SolutionProperties) = preSolution
		HideSolutionNode = FALSE
	EndGlobalSection
	GlobalSection(ProjectConfigurationPlatforms) = postSolution
		{DCC18E7A-5A8C-4EBF-9907-14FAD2649C8C}.Debug|Any CPU.ActiveCfg = Debug|Any CPU
		{DCC18E7A-5A8C-4EBF-9907-14FAD2649C8C}.Debug|Any CPU.Build.0 = Debug|Any CPU
		{DCC18E7A-5A8C-4EBF-9907-14FAD2649C8C}.Release|Any CPU.ActiveCfg = Release|Any CPU
		{DCC18E7A-5A8C-4EBF-9907-14FAD2649C8C}.Release|Any CPU.Build.0 = Release|Any CPU
		{5926A1FE-3A82-4E60-A040-54F66BA0C2A5}.Debug|Any CPU.ActiveCfg = Debug|Any CPU
		{5926A1FE-3A82-4E60-A040-54F66BA0C2A5}.Debug|Any CPU.Build.0 = Debug|Any CPU
		{5926A1FE-3A82-4E60-A040-54F66BA0C2A5}.Release|Any CPU.ActiveCfg = Release|Any CPU
		{5926A1FE-3A82-4E60-A040-54F66BA0C2A5}.Release|Any CPU.Build.0 = Release|Any CPU
		{71CF7C44-15CE-468B-8654-F20844799E5D}.Debug|Any CPU.ActiveCfg = Debug|Any CPU
		{71CF7C44-15CE-468B-8654-F20844799E5D}.Debug|Any CPU.Build.0 = Debug|Any CPU
		{71CF7C44-15CE-468B-8654-F20844799E5D}.Release|Any CPU.ActiveCfg = Release|Any CPU
		{71CF7C44-15CE-468B-8654-F20844799E5D}.Release|Any CPU.Build.0 = Release|Any CPU
		{0E186F7C-D5CB-4A1E-BC6E-B5E22968F87A}.Debug|Any CPU.ActiveCfg = Debug|Any CPU
		{0E186F7C-D5CB-4A1E-BC6E-B5E22968F87A}.Debug|Any CPU.Build.0 = Debug|Any CPU
		{0E186F7C-D5CB-4A1E-BC6E-B5E22968F87A}.Release|Any CPU.ActiveCfg = Release|Any CPU
		{0E186F7C-D5CB-4A1E-BC6E-B5E22968F87A}.Release|Any CPU.Build.0 = Release|Any CPU
	EndGlobalSection
EndGlobal
